
Microsoft Visual Studio Solution File, Format Version 12.00
# Visual Studio Version 17
VisualStudioVersion = 17.3.32929.385
MinimumVisualStudioVersion = 10.0.40219.1
Project("{FAE04EC0-301F-11D3-BF4B-00C04F79EFBC}") = "DRAMBAREAN_ALEXANDRU_LAB1", "DRAMBAREAN_ALEXANDRU_LAB1\DRAMBAREAN_ALEXANDRU_LAB1.csproj", "{96965242-7911-4638-815E-CE5825B78131}"
EndProject
Global
	GlobalSection(SolutionConfigurationPlatforms) = preSolution
		Debug|Any CPU = Debug|Any CPU
		Release|Any CPU = Release|Any CPU
	EndGlobalSection
	GlobalSection(ProjectConfigurationPlatforms) = postSolution
		{96965242-7911-4638-815E-CE5825B78131}.Debug|Any CPU.ActiveCfg = Debug|Any CPU
		{96965242-7911-4638-815E-CE5825B78131}.Debug|Any CPU.Build.0 = Debug|Any CPU
		{96965242-7911-4638-815E-CE5825B78131}.Release|Any CPU.ActiveCfg = Release|Any CPU
		{96965242-7911-4638-815E-CE5825B78131}.Release|Any CPU.Build.0 = Release|Any CPU
	EndGlobalSection
	GlobalSection(SolutionProperties) = preSolution
		HideSolutionNode = FALSE
	EndGlobalSection
	GlobalSection(ExtensibilityGlobals) = postSolution
		SolutionGuid = {760CA6C3-78B1-4680-BF2A-CEB098D407F2}
	EndGlobalSection
EndGlobal
